
Microsoft Visual Studio Solution File, Format Version 12.00
Project("{FAE04EC0-301F-11D3-BF4B-00C04F79EFBC}") = "MoveMapAppliesToMouse", "MoveMapAppliesToMouse.csproj", "{B2D4D6F4-67D4-436D-9E82-F45F40E1386E}"
EndProject
Global
	GlobalSection(SolutionConfigurationPlatforms) = preSolution
		Debug|Any CPU = Debug|Any CPU
		Release|Any CPU = Release|Any CPU
	EndGlobalSection
	GlobalSection(ProjectConfigurationPlatforms) = postSolution
		{B2D4D6F4-67D4-436D-9E82-F45F40E1386E}.Debug|Any CPU.ActiveCfg = Debug|Any CPU
		{B2D4D6F4-67D4-436D-9E82-F45F40E1386E}.Debug|Any CPU.Build.0 = Debug|Any CPU
		{B2D4D6F4-67D4-436D-9E82-F45F40E1386E}.Release|Any CPU.ActiveCfg = Release|Any CPU
		{B2D4D6F4-67D4-436D-9E82-F45F40E1386E}.Release|Any CPU.Build.0 = Release|Any CPU
	EndGlobalSection
EndGlobal
